// !$*UTF8*$!
{
	archiveVersion = 1;
	classes = {
	};
	objectVersion = 50;
	objects = {

/* Begin PBXBuildFile section */
		121469F226EF8DAD0026519F /* ExerciseView.swift in Sources */ = {isa = PBXBuildFile; fileRef = 121469F126EF8DAD0026519F /* ExerciseView.swift */; };
		12178EEB26F37C88004BF555 /* TodayProgressView.swift in Sources */ = {isa = PBXBuildFile; fileRef = 12178EEA26F37C88004BF555 /* TodayProgressView.swift */; };
		1230831F26ED20EF000D53A8 /* MyWorkOutApp.swift in Sources */ = {isa = PBXBuildFile; fileRef = 1230831E26ED20EF000D53A8 /* MyWorkOutApp.swift */; };
		1230832126ED20EF000D53A8 /* ContentView.swift in Sources */ = {isa = PBXBuildFile; fileRef = 1230832026ED20EF000D53A8 /* ContentView.swift */; };
		1230832326ED20F1000D53A8 /* Assets.xcassets in Resources */ = {isa = PBXBuildFile; fileRef = 1230832226ED20F1000D53A8 /* Assets.xcassets */; };
		1230832626ED20F1000D53A8 /* Preview Assets.xcassets in Resources */ = {isa = PBXBuildFile; fileRef = 1230832526ED20F1000D53A8 /* Preview Assets.xcassets */; };
		124D908426EFAE7B008A2E5B /* Burpee.mp4 in Resources */ = {isa = PBXBuildFile; fileRef = 121469EF26EF85090026519F /* Burpee.mp4 */; };
		124D908526EFAE81008A2E5B /* Lunges.mp4 in Resources */ = {isa = PBXBuildFile; fileRef = 121469EE26EF85050026519F /* Lunges.mp4 */; };
		124D908626EFAE85008A2E5B /* ObiqueAndCore.mp4 in Resources */ = {isa = PBXBuildFile; fileRef = 121469EB26EF84FA0026519F /* ObiqueAndCore.mp4 */; };
		124D908726EFAE89008A2E5B /* Planks.mp4 in Resources */ = {isa = PBXBuildFile; fileRef = 121469EC26EF84FB0026519F /* Planks.mp4 */; };
		124D908826EFAE8E008A2E5B /* Squat.mp4 in Resources */ = {isa = PBXBuildFile; fileRef = 121469ED26EF85040026519F /* Squat.mp4 */; };
		124D908926EFAE93008A2E5B /* Pushups.mp4 in Resources */ = {isa = PBXBuildFile; fileRef = 121469F026EF850B0026519F /* Pushups.mp4 */; };
		127FCCA026F306A900B9BC86 /* HistoryView.swift in Sources */ = {isa = PBXBuildFile; fileRef = 127FCC9F26F306A900B9BC86 /* HistoryView.swift */; };
		127FCCA226F3077100B9BC86 /* HistoryStore.swift in Sources */ = {isa = PBXBuildFile; fileRef = 127FCCA126F3077100B9BC86 /* HistoryStore.swift */; };
		127FCCA426F3090600B9BC86 /* HistoryStroreDevData.swift in Sources */ = {isa = PBXBuildFile; fileRef = 127FCCA326F3090600B9BC86 /* HistoryStroreDevData.swift */; };
		127FCCA726F316F100B9BC86 /* DateExtension.swift in Sources */ = {isa = PBXBuildFile; fileRef = 127FCCA626F316F100B9BC86 /* DateExtension.swift */; };
		12B00D6126F3755800711B90 /* Localizable.strings in Resources */ = {isa = PBXBuildFile; fileRef = 12B00D6326F3755800711B90 /* Localizable.strings */; };
		12D16D2D26EF601000F8777A /* WelcomeView.swift in Sources */ = {isa = PBXBuildFile; fileRef = 12D16D2C26EF601000F8777A /* WelcomeView.swift */; };
		12D16D4026EF72FA00F8777A /* Exercise.swift in Sources */ = {isa = PBXBuildFile; fileRef = 12D16D3F26EF72FA00F8777A /* Exercise.swift */; };
		12ECCBE626F35A7A00935AE9 /* SuccessView.swift in Sources */ = {isa = PBXBuildFile; fileRef = 12ECCBE526F35A7A00935AE9 /* SuccessView.swift */; };
		12F696BC26F0B662003966BD /* TimerView.swift in Sources */ = {isa = PBXBuildFile; fileRef = 12F696BB26F0B662003966BD /* TimerView.swift */; };
		12F696BE26F0C81F003966BD /* FooterView.swift in Sources */ = {isa = PBXBuildFile; fileRef = 12F696BD26F0C81F003966BD /* FooterView.swift */; };
		12F696C026F0D460003966BD /* RatingView.swift in Sources */ = {isa = PBXBuildFile; fileRef = 12F696BF26F0D460003966BD /* RatingView.swift */; };
/* End PBXBuildFile section */

/* Begin PBXFileReference section */
		121469EB26EF84FA0026519F /* ObiqueAndCore.mp4 */ = {isa = PBXFileReference; lastKnownFileType = file; path = ObiqueAndCore.mp4; sourceTree = "<group>"; };
		121469EC26EF84FB0026519F /* Planks.mp4 */ = {isa = PBXFileReference; lastKnownFileType = file; path = Planks.mp4; sourceTree = "<group>"; };
		121469ED26EF85040026519F /* Squat.mp4 */ = {isa = PBXFileReference; lastKnownFileType = file; path = Squat.mp4; sourceTree = "<group>"; };
		121469EE26EF85050026519F /* Lunges.mp4 */ = {isa = PBXFileReference; lastKnownFileType = file; path = Lunges.mp4; sourceTree = "<group>"; };
		121469EF26EF85090026519F /* Burpee.mp4 */ = {isa = PBXFileReference; lastKnownFileType = file; path = Burpee.mp4; sourceTree = "<group>"; };
		121469F026EF850B0026519F /* Pushups.mp4 */ = {isa = PBXFileReference; lastKnownFileType = file; path = Pushups.mp4; sourceTree = "<group>"; };
		121469F126EF8DAD0026519F /* ExerciseView.swift */ = {isa = PBXFileReference; lastKnownFileType = sourcecode.swift; path = ExerciseView.swift; sourceTree = "<group>"; };
		12178EEA26F37C88004BF555 /* TodayProgressView.swift */ = {isa = PBXFileReference; lastKnownFileType = sourcecode.swift; path = TodayProgressView.swift; sourceTree = "<group>"; };
		1230831B26ED20EF000D53A8 /* MyWorkOut.app */ = {isa = PBXFileReference; explicitFileType = wrapper.application; includeInIndex = 0; path = MyWorkOut.app; sourceTree = BUILT_PRODUCTS_DIR; };
		1230831E26ED20EF000D53A8 /* MyWorkOutApp.swift */ = {isa = PBXFileReference; lastKnownFileType = sourcecode.swift; path = MyWorkOutApp.swift; sourceTree = "<group>"; };
		1230832026ED20EF000D53A8 /* ContentView.swift */ = {isa = PBXFileReference; lastKnownFileType = sourcecode.swift; path = ContentView.swift; sourceTree = "<group>"; };
		1230832226ED20F1000D53A8 /* Assets.xcassets */ = {isa = PBXFileReference; lastKnownFileType = folder.assetcatalog; path = Assets.xcassets; sourceTree = "<group>"; };
		1230832526ED20F1000D53A8 /* Preview Assets.xcassets */ = {isa = PBXFileReference; lastKnownFileType = folder.assetcatalog; path = "Preview Assets.xcassets"; sourceTree = "<group>"; };
		1230832726ED20F1000D53A8 /* Info.plist */ = {isa = PBXFileReference; lastKnownFileType = text.plist.xml; path = Info.plist; sourceTree = "<group>"; };
		127FCC9F26F306A900B9BC86 /* HistoryView.swift */ = {isa = PBXFileReference; lastKnownFileType = sourcecode.swift; path = HistoryView.swift; sourceTree = "<group>"; };
		127FCCA126F3077100B9BC86 /* HistoryStore.swift */ = {isa = PBXFileReference; lastKnownFileType = sourcecode.swift; path = HistoryStore.swift; sourceTree = "<group>"; };
		127FCCA326F3090600B9BC86 /* HistoryStroreDevData.swift */ = {isa = PBXFileReference; lastKnownFileType = sourcecode.swift; path = HistoryStroreDevData.swift; sourceTree = "<group>"; };
		127FCCA626F316F100B9BC86 /* DateExtension.swift */ = {isa = PBXFileReference; lastKnownFileType = sourcecode.swift; path = DateExtension.swift; sourceTree = "<group>"; };
		12B00D6226F3755800711B90 /* en */ = {isa = PBXFileReference; lastKnownFileType = text.plist.strings; name = en; path = en.lproj/Localizable.strings; sourceTree = "<group>"; };
		12B00D6426F375D300711B90 /* th */ = {isa = PBXFileReference; lastKnownFileType = text.plist.strings; name = th; path = th.lproj/Localizable.strings; sourceTree = "<group>"; };
		12D16D2C26EF601000F8777A /* WelcomeView.swift */ = {isa = PBXFileReference; lastKnownFileType = sourcecode.swift; path = WelcomeView.swift; sourceTree = "<group>"; };
		12D16D3F26EF72FA00F8777A /* Exercise.swift */ = {isa = PBXFileReference; lastKnownFileType = sourcecode.swift; path = Exercise.swift; sourceTree = "<group>"; };
		12ECCBE526F35A7A00935AE9 /* SuccessView.swift */ = {isa = PBXFileReference; lastKnownFileType = sourcecode.swift; path = SuccessView.swift; sourceTree = "<group>"; };
		12F696BB26F0B662003966BD /* TimerView.swift */ = {isa = PBXFileReference; lastKnownFileType = sourcecode.swift; path = TimerView.swift; sourceTree = "<group>"; };
		12F696BD26F0C81F003966BD /* FooterView.swift */ = {isa = PBXFileReference; lastKnownFileType = sourcecode.swift; path = FooterView.swift; sourceTree = "<group>"; };
		12F696BF26F0D460003966BD /* RatingView.swift */ = {isa = PBXFileReference; lastKnownFileType = sourcecode.swift; path = RatingView.swift; sourceTree = "<group>"; };
/* End PBXFileReference section */

/* Begin PBXFrameworksBuildPhase section */
		1230831826ED20EF000D53A8 /* Frameworks */ = {
			isa = PBXFrameworksBuildPhase;
			buildActionMask = 2147483647;
			files = (
			);
			runOnlyForDeploymentPostprocessing = 0;
		};
/* End PBXFrameworksBuildPhase section */

/* Begin PBXGroup section */
		121469EA26EF84C40026519F /* Video */ = {
			isa = PBXGroup;
			children = (
				121469EF26EF85090026519F /* Burpee.mp4 */,
				121469EE26EF85050026519F /* Lunges.mp4 */,
				121469EB26EF84FA0026519F /* ObiqueAndCore.mp4 */,
				121469EC26EF84FB0026519F /* Planks.mp4 */,
				121469F026EF850B0026519F /* Pushups.mp4 */,
				121469ED26EF85040026519F /* Squat.mp4 */,
			);
			path = Video;
			sourceTree = "<group>";
		};
		1230831226ED20EF000D53A8 = {
			isa = PBXGroup;
			children = (
				1230831D26ED20EF000D53A8 /* MyWorkOut */,
				1230831C26ED20EF000D53A8 /* Products */,
			);
			sourceTree = "<group>";
		};
		1230831C26ED20EF000D53A8 /* Products */ = {
			isa = PBXGroup;
			children = (
				1230831B26ED20EF000D53A8 /* MyWorkOut.app */,
			);
			name = Products;
			sourceTree = "<group>";
		};
		1230831D26ED20EF000D53A8 /* MyWorkOut */ = {
			isa = PBXGroup;
			children = (
				127FCCA526F316DE00B9BC86 /* Extension */,
				121469EA26EF84C40026519F /* Video */,
				12D16D3E26EF72C400F8777A /* Model */,
				1230831E26ED20EF000D53A8 /* MyWorkOutApp.swift */,
				12D16D3D26EF72A200F8777A /* View */,
				1230832226ED20F1000D53A8 /* Assets.xcassets */,
				1230832726ED20F1000D53A8 /* Info.plist */,
				1230832426ED20F1000D53A8 /* Preview Content */,
				12B00D6326F3755800711B90 /* Localizable.strings */,
			);
			path = MyWorkOut;
			sourceTree = "<group>";
		};
		1230832426ED20F1000D53A8 /* Preview Content */ = {
			isa = PBXGroup;
			children = (
				1230832526ED20F1000D53A8 /* Preview Assets.xcassets */,
				127FCCA326F3090600B9BC86 /* HistoryStroreDevData.swift */,
			);
			path = "Preview Content";
			sourceTree = "<group>";
		};
		127FCCA526F316DE00B9BC86 /* Extension */ = {
			isa = PBXGroup;
			children = (
				127FCCA626F316F100B9BC86 /* DateExtension.swift */,
			);
			path = Extension;
			sourceTree = "<group>";
		};
		12D16D3D26EF72A200F8777A /* View */ = {
			isa = PBXGroup;
			children = (
				1230832026ED20EF000D53A8 /* ContentView.swift */,
				12D16D2C26EF601000F8777A /* WelcomeView.swift */,
				121469F126EF8DAD0026519F /* ExerciseView.swift */,
				12F696BB26F0B662003966BD /* TimerView.swift */,
				12F696BD26F0C81F003966BD /* FooterView.swift */,
				12F696BF26F0D460003966BD /* RatingView.swift */,
				127FCC9F26F306A900B9BC86 /* HistoryView.swift */,
				12ECCBE526F35A7A00935AE9 /* SuccessView.swift */,
				12178EEA26F37C88004BF555 /* TodayProgressView.swift */,
			);
			path = View;
			sourceTree = "<group>";
		};
		12D16D3E26EF72C400F8777A /* Model */ = {
			isa = PBXGroup;
			children = (
				12D16D3F26EF72FA00F8777A /* Exercise.swift */,
				127FCCA126F3077100B9BC86 /* HistoryStore.swift */,
			);
			path = Model;
			sourceTree = "<group>";
		};
/* End PBXGroup section */

/* Begin PBXNativeTarget section */
		1230831A26ED20EF000D53A8 /* MyWorkOut */ = {
			isa = PBXNativeTarget;
			buildConfigurationList = 1230832A26ED20F1000D53A8 /* Build configuration list for PBXNativeTarget "MyWorkOut" */;
			buildPhases = (
				1230831726ED20EF000D53A8 /* Sources */,
				1230831826ED20EF000D53A8 /* Frameworks */,
				1230831926ED20EF000D53A8 /* Resources */,
			);
			buildRules = (
			);
			dependencies = (
			);
			name = MyWorkOut;
			productName = MyWorkOut;
			productReference = 1230831B26ED20EF000D53A8 /* MyWorkOut.app */;
			productType = "com.apple.product-type.application";
		};
/* End PBXNativeTarget section */

/* Begin PBXProject section */
		1230831326ED20EF000D53A8 /* Project object */ = {
			isa = PBXProject;
			attributes = {
				LastSwiftUpdateCheck = 1250;
				LastUpgradeCheck = 1250;
				TargetAttributes = {
					1230831A26ED20EF000D53A8 = {
						CreatedOnToolsVersion = 12.5.1;
					};
				};
			};
			buildConfigurationList = 1230831626ED20EF000D53A8 /* Build configuration list for PBXProject "MyWorkOut" */;
			compatibilityVersion = "Xcode 9.3";
			developmentRegion = en;
			hasScannedForEncodings = 0;
			knownRegions = (
				en,
				Base,
				th,
			);
			mainGroup = 1230831226ED20EF000D53A8;
			productRefGroup = 1230831C26ED20EF000D53A8 /* Products */;
			projectDirPath = "";
			projectRoot = "";
			targets = (
				1230831A26ED20EF000D53A8 /* MyWorkOut */,
			);
		};
/* End PBXProject section */

/* Begin PBXResourcesBuildPhase section */
		1230831926ED20EF000D53A8 /* Resources */ = {
			isa = PBXResourcesBuildPhase;
			buildActionMask = 2147483647;
			files = (
				124D908726EFAE89008A2E5B /* Planks.mp4 in Resources */,
				124D908426EFAE7B008A2E5B /* Burpee.mp4 in Resources */,
				124D908926EFAE93008A2E5B /* Pushups.mp4 in Resources */,
				124D908826EFAE8E008A2E5B /* Squat.mp4 in Resources */,
				12B00D6126F3755800711B90 /* Localizable.strings in Resources */,
				1230832626ED20F1000D53A8 /* Preview Assets.xcassets in Resources */,
				1230832326ED20F1000D53A8 /* Assets.xcassets in Resources */,
				124D908526EFAE81008A2E5B /* Lunges.mp4 in Resources */,
				124D908626EFAE85008A2E5B /* ObiqueAndCore.mp4 in Resources */,
			);
			runOnlyForDeploymentPostprocessing = 0;
		};
/* End PBXResourcesBuildPhase section */

/* Begin PBXSourcesBuildPhase section */
		1230831726ED20EF000D53A8 /* Sources */ = {
			isa = PBXSourcesBuildPhase;
			buildActionMask = 2147483647;
			files = (
				12F696BC26F0B662003966BD /* TimerView.swift in Sources */,
				127FCCA726F316F100B9BC86 /* DateExtension.swift in Sources */,
				1230832126ED20EF000D53A8 /* ContentView.swift in Sources */,
				127FCCA226F3077100B9BC86 /* HistoryStore.swift in Sources */,
				12ECCBE626F35A7A00935AE9 /* SuccessView.swift in Sources */,
				12F696BE26F0C81F003966BD /* FooterView.swift in Sources */,
				12F696C026F0D460003966BD /* RatingView.swift in Sources */,
				12D16D4026EF72FA00F8777A /* Exercise.swift in Sources */,
				12D16D2D26EF601000F8777A /* WelcomeView.swift in Sources */,
				1230831F26ED20EF000D53A8 /* MyWorkOutApp.swift in Sources */,
				127FCCA026F306A900B9BC86 /* HistoryView.swift in Sources */,
				12178EEB26F37C88004BF555 /* TodayProgressView.swift in Sources */,
				127FCCA426F3090600B9BC86 /* HistoryStroreDevData.swift in Sources */,
				121469F226EF8DAD0026519F /* ExerciseView.swift in Sources */,
			);
			runOnlyForDeploymentPostprocessing = 0;
		};
/* End PBXSourcesBuildPhase section */

/* Begin PBXVariantGroup section */
		12B00D6326F3755800711B90 /* Localizable.strings */ = {
			isa = PBXVariantGroup;
			children = (
				12B00D6226F3755800711B90 /* en */,
				12B00D6426F375D300711B90 /* th */,
			);
			name = Localizable.strings;
			sourceTree = "<group>";
		};
/* End PBXVariantGroup section */

/* Begin XCBuildConfiguration section */
		1230832826ED20F1000D53A8 /* Debug */ = {
			isa = XCBuildConfiguration;
			buildSettings = {
				ALWAYS_SEARCH_USER_PATHS = NO;
				CLANG_ANALYZER_LOCALIZABILITY_NONLOCALIZED = YES;
				CLANG_ANALYZER_NONNULL = YES;
				CLANG_ANALYZER_NUMBER_OBJECT_CONVERSION = YES_AGGRESSIVE;
				CLANG_CXX_LANGUAGE_STANDARD = "gnu++14";
				CLANG_CXX_LIBRARY = "libc++";
				CLANG_ENABLE_MODULES = YES;
				CLANG_ENABLE_OBJC_ARC = YES;
				CLANG_ENABLE_OBJC_WEAK = YES;
				CLANG_WARN_BLOCK_CAPTURE_AUTORELEASING = YES;
				CLANG_WARN_BOOL_CONVERSION = YES;
				CLANG_WARN_COMMA = YES;
				CLANG_WARN_CONSTANT_CONVERSION = YES;
				CLANG_WARN_DEPRECATED_OBJC_IMPLEMENTATIONS = YES;
				CLANG_WARN_DIRECT_OBJC_ISA_USAGE = YES_ERROR;
				CLANG_WARN_DOCUMENTATION_COMMENTS = YES;
				CLANG_WARN_EMPTY_BODY = YES;
				CLANG_WARN_ENUM_CONVERSION = YES;
				CLANG_WARN_INFINITE_RECURSION = YES;
				CLANG_WARN_INT_CONVERSION = YES;
				CLANG_WARN_NON_LITERAL_NULL_CONVERSION = YES;
				CLANG_WARN_OBJC_IMPLICIT_RETAIN_SELF = YES;
				CLANG_WARN_OBJC_LITERAL_CONVERSION = YES;
				CLANG_WARN_OBJC_ROOT_CLASS = YES_ERROR;
				CLANG_WARN_QUOTED_INCLUDE_IN_FRAMEWORK_HEADER = YES;
				CLANG_WARN_RANGE_LOOP_ANALYSIS = YES;
				CLANG_WARN_STRICT_PROTOTYPES = YES;
				CLANG_WARN_SUSPICIOUS_MOVE = YES;
				CLANG_WARN_UNGUARDED_AVAILABILITY = YES_AGGRESSIVE;
				CLANG_WARN_UNREACHABLE_CODE = YES;
				CLANG_WARN__DUPLICATE_METHOD_MATCH = YES;
				COPY_PHASE_STRIP = NO;
				DEBUG_INFORMATION_FORMAT = dwarf;
				ENABLE_STRICT_OBJC_MSGSEND = YES;
				ENABLE_TESTABILITY = YES;
				GCC_C_LANGUAGE_STANDARD = gnu11;
				GCC_DYNAMIC_NO_PIC = NO;
				GCC_NO_COMMON_BLOCKS = YES;
				GCC_OPTIMIZATION_LEVEL = 0;
				GCC_PREPROCESSOR_DEFINITIONS = (
					"DEBUG=1",
					"$(inherited)",
				);
				GCC_WARN_64_TO_32_BIT_CONVERSION = YES;
				GCC_WARN_ABOUT_RETURN_TYPE = YES_ERROR;
				GCC_WARN_UNDECLARED_SELECTOR = YES;
				GCC_WARN_UNINITIALIZED_AUTOS = YES_AGGRESSIVE;
				GCC_WARN_UNUSED_FUNCTION = YES;
				GCC_WARN_UNUSED_VARIABLE = YES;
				IPHONEOS_DEPLOYMENT_TARGET = 14.5;
				MTL_ENABLE_DEBUG_INFO = INCLUDE_SOURCE;
				MTL_FAST_MATH = YES;
				ONLY_ACTIVE_ARCH = YES;
				SDKROOT = iphoneos;
				SWIFT_ACTIVE_COMPILATION_CONDITIONS = DEBUG;
				SWIFT_OPTIMIZATION_LEVEL = "-Onone";
			};
			name = Debug;
		};
		1230832926ED20F1000D53A8 /* Release */ = {
			isa = XCBuildConfiguration;
			buildSettings = {
				ALWAYS_SEARCH_USER_PATHS = NO;
				CLANG_ANALYZER_LOCALIZABILITY_NONLOCALIZED = YES;
				CLANG_ANALYZER_NONNULL = YES;
				CLANG_ANALYZER_NUMBER_OBJECT_CONVERSION = YES_AGGRESSIVE;
				CLANG_CXX_LANGUAGE_STANDARD = "gnu++14";
				CLANG_CXX_LIBRARY = "libc++";
				CLANG_ENABLE_MODULES = YES;
				CLANG_ENABLE_OBJC_ARC = YES;
				CLANG_ENABLE_OBJC_WEAK = YES;
				CLANG_WARN_BLOCK_CAPTURE_AUTORELEASING = YES;
				CLANG_WARN_BOOL_CONVERSION = YES;
				CLANG_WARN_COMMA = YES;
				CLANG_WARN_CONSTANT_CONVERSION = YES;
				CLANG_WARN_DEPRECATED_OBJC_IMPLEMENTATIONS = YES;
				CLANG_WARN_DIRECT_OBJC_ISA_USAGE = YES_ERROR;
				CLANG_WARN_DOCUMENTATION_COMMENTS = YES;
				CLANG_WARN_EMPTY_BODY = YES;
				CLANG_WARN_ENUM_CONVERSION = YES;
				CLANG_WARN_INFINITE_RECURSION = YES;
				CLANG_WARN_INT_CONVERSION = YES;
				CLANG_WARN_NON_LITERAL_NULL_CONVERSION = YES;
				CLANG_WARN_OBJC_IMPLICIT_RETAIN_SELF = YES;
				CLANG_WARN_OBJC_LITERAL_CONVERSION = YES;
				CLANG_WARN_OBJC_ROOT_CLASS = YES_ERROR;
				CLANG_WARN_QUOTED_INCLUDE_IN_FRAMEWORK_HEADER = YES;
				CLANG_WARN_RANGE_LOOP_ANALYSIS = YES;
				CLANG_WARN_STRICT_PROTOTYPES = YES;
				CLANG_WARN_SUSPICIOUS_MOVE = YES;
				CLANG_WARN_UNGUARDED_AVAILABILITY = YES_AGGRESSIVE;
				CLANG_WARN_UNREACHABLE_CODE = YES;
				CLANG_WARN__DUPLICATE_METHOD_MATCH = YES;
				COPY_PHASE_STRIP = NO;
				DEBUG_INFORMATION_FORMAT = "dwarf-with-dsym";
				ENABLE_NS_ASSERTIONS = NO;
				ENABLE_STRICT_OBJC_MSGSEND = YES;
				GCC_C_LANGUAGE_STANDARD = gnu11;
				GCC_NO_COMMON_BLOCKS = YES;
				GCC_WARN_64_TO_32_BIT_CONVERSION = YES;
				GCC_WARN_ABOUT_RETURN_TYPE = YES_ERROR;
				GCC_WARN_UNDECLARED_SELECTOR = YES;
				GCC_WARN_UNINITIALIZED_AUTOS = YES_AGGRESSIVE;
				GCC_WARN_UNUSED_FUNCTION = YES;
				GCC_WARN_UNUSED_VARIABLE = YES;
				IPHONEOS_DEPLOYMENT_TARGET = 14.5;
				MTL_ENABLE_DEBUG_INFO = NO;
				MTL_FAST_MATH = YES;
				SDKROOT = iphoneos;
				SWIFT_COMPILATION_MODE = wholemodule;
				SWIFT_OPTIMIZATION_LEVEL = "-O";
				VALIDATE_PRODUCT = YES;
			};
			name = Release;
		};
		1230832B26ED20F1000D53A8 /* Debug */ = {
			isa = XCBuildConfiguration;
			buildSettings = {
				ASSETCATALOG_COMPILER_APPICON_NAME = AppIcon;
				ASSETCATALOG_COMPILER_GLOBAL_ACCENT_COLOR_NAME = AccentColor;
				CODE_SIGN_STYLE = Automatic;
				DEVELOPMENT_ASSET_PATHS = "\"MyWorkOut/Preview Content\"";
				DEVELOPMENT_TEAM = "";
				ENABLE_PREVIEWS = YES;
				INFOPLIST_FILE = MyWorkOut/Info.plist;
				IPHONEOS_DEPLOYMENT_TARGET = 14.0;
				LD_RUNPATH_SEARCH_PATHS = (
					"$(inherited)",
					"@executable_path/Frameworks",
				);
				PRODUCT_BUNDLE_IDENTIFIER = "suthichai.chu-th.ac.dome.MyWorkOut";
				PRODUCT_NAME = "$(TARGET_NAME)";
				SWIFT_VERSION = 5.0;
				TARGETED_DEVICE_FAMILY = "1,2";
			};
			name = Debug;
		};
		1230832C26ED20F1000D53A8 /* Release */ = {
			isa = XCBuildConfiguration;
			buildSettings = {
				ASSETCATALOG_COMPILER_APPICON_NAME = AppIcon;
				ASSETCATALOG_COMPILER_GLOBAL_ACCENT_COLOR_NAME = AccentColor;
				CODE_SIGN_STYLE = Automatic;
				DEVELOPMENT_ASSET_PATHS = "\"MyWorkOut/Preview Content\"";
				DEVELOPMENT_TEAM = "";
				ENABLE_PREVIEWS = YES;
				INFOPLIST_FILE = MyWorkOut/Info.plist;
				IPHONEOS_DEPLOYMENT_TARGET = 14.0;
				LD_RUNPATH_SEARCH_PATHS = (
					"$(inherited)",
					"@executable_path/Frameworks",
				);
				PRODUCT_BUNDLE_IDENTIFIER = "suthichai.chu-th.ac.dome.MyWorkOut";
				PRODUCT_NAME = "$(TARGET_NAME)";
				SWIFT_VERSION = 5.0;
				TARGETED_DEVICE_FAMILY = "1,2";
			};
			name = Release;
		};
/* End XCBuildConfiguration section */

/* Begin XCConfigurationList section */
		1230831626ED20EF000D53A8 /* Build configuration list for PBXProject "MyWorkOut" */ = {
			isa = XCConfigurationList;
			buildConfigurations = (
				1230832826ED20F1000D53A8 /* Debug */,
				1230832926ED20F1000D53A8 /* Release */,
			);
			defaultConfigurationIsVisible = 0;
			defaultConfigurationName = Release;
		};
		1230832A26ED20F1000D53A8 /* Build configuration list for PBXNativeTarget "MyWorkOut" */ = {
			isa = XCConfigurationList;
			buildConfigurations = (
				1230832B26ED20F1000D53A8 /* Debug */,
				1230832C26ED20F1000D53A8 /* Release */,
			);
			defaultConfigurationIsVisible = 0;
			defaultConfigurationName = Release;
		};
/* End XCConfigurationList section */
	};
	rootObject = 1230831326ED20EF000D53A8 /* Project object */;
}
